
Microsoft Visual Studio Solution File, Format Version 12.00
# Visual Studio Version 17
VisualStudioVersion = 17.7.34221.43
MinimumVisualStudioVersion = 10.0.40219.1
Project("{9A19103F-16F7-4668-BE54-9A1E7A4F7556}") = "EkspertniSistem", "EkspertniSistem\EkspertniSistem.csproj", "{EC99C20A-6F7A-4B1C-8EDC-E8B228007FD3}"
EndProject
Project("{54435603-DBB4-11D2-8724-00A0C9A8B90C}") = "EkspertniSetup", "EkspertniSetup\EkspertniSetup.vdproj", "{FCA3C3D5-4849-49DD-90E9-9237598B36B6}"
EndProject
Global
	GlobalSection(SolutionConfigurationPlatforms) = preSolution
		Debug|Any CPU = Debug|Any CPU
		Release|Any CPU = Release|Any CPU
	EndGlobalSection
	GlobalSection(ProjectConfigurationPlatforms) = postSolution
		{EC99C20A-6F7A-4B1C-8EDC-E8B228007FD3}.Debug|Any CPU.ActiveCfg = Debug|Any CPU
		{EC99C20A-6F7A-4B1C-8EDC-E8B228007FD3}.Debug|Any CPU.Build.0 = Debug|Any CPU
		{EC99C20A-6F7A-4B1C-8EDC-E8B228007FD3}.Release|Any CPU.ActiveCfg = Release|Any CPU
		{EC99C20A-6F7A-4B1C-8EDC-E8B228007FD3}.Release|Any CPU.Build.0 = Release|Any CPU
		{FCA3C3D5-4849-49DD-90E9-9237598B36B6}.Debug|Any CPU.ActiveCfg = Debug
		{FCA3C3D5-4849-49DD-90E9-9237598B36B6}.Release|Any CPU.ActiveCfg = Release
	EndGlobalSection
	GlobalSection(SolutionProperties) = preSolution
		HideSolutionNode = FALSE
	EndGlobalSection
	GlobalSection(ExtensibilityGlobals) = postSolution
		SolutionGuid = {3C4673AC-921F-4535-94A0-312948B47017}
	EndGlobalSection
EndGlobal
